// !$*UTF8*$!
{
	archiveVersion = 1;
	classes = {
	};
	objectVersion = 55;
	objects = {

/* Begin PBXBuildFile section */
		6A2B851526FE149D006BE0F0 /* WriteMemoView.swift in Sources */ = {isa = PBXBuildFile; fileRef = 6A2B851426FE149D006BE0F0 /* WriteMemoView.swift */; };
		6A2B851D26FE1A07006BE0F0 /* MemoListViewModel.swift in Sources */ = {isa = PBXBuildFile; fileRef = 6A2B851C26FE1A07006BE0F0 /* MemoListViewModel.swift */; };
		6A2B852026FE1A62006BE0F0 /* MemoModel.swift in Sources */ = {isa = PBXBuildFile; fileRef = 6A2B851F26FE1A62006BE0F0 /* MemoModel.swift */; };
		6A2B852226FE1B06006BE0F0 /* MemoListModel.swift in Sources */ = {isa = PBXBuildFile; fileRef = 6A2B852126FE1B06006BE0F0 /* MemoListModel.swift */; };
		6A2B852626FE2821006BE0F0 /* MemoViewModel.swift in Sources */ = {isa = PBXBuildFile; fileRef = 6A2B852526FE2821006BE0F0 /* MemoViewModel.swift */; };
		6A36ED5E26FE123500D53AF6 /* MyCoffeeBookApp.swift in Sources */ = {isa = PBXBuildFile; fileRef = 6A36ED5D26FE123500D53AF6 /* MyCoffeeBookApp.swift */; };
		6A36ED6026FE123500D53AF6 /* ContentView.swift in Sources */ = {isa = PBXBuildFile; fileRef = 6A36ED5F26FE123500D53AF6 /* ContentView.swift */; };
		6A36ED6226FE123800D53AF6 /* Assets.xcassets in Resources */ = {isa = PBXBuildFile; fileRef = 6A36ED6126FE123800D53AF6 /* Assets.xcassets */; };
		6A36ED6526FE123800D53AF6 /* Preview Assets.xcassets in Resources */ = {isa = PBXBuildFile; fileRef = 6A36ED6426FE123800D53AF6 /* Preview Assets.xcassets */; };
		6A36ED6E26FE135900D53AF6 /* MemoListView.swift in Sources */ = {isa = PBXBuildFile; fileRef = 6A36ED6D26FE135900D53AF6 /* MemoListView.swift */; };
		6A36ED7026FE136800D53AF6 /* MemoView.swift in Sources */ = {isa = PBXBuildFile; fileRef = 6A36ED6F26FE136800D53AF6 /* MemoView.swift */; };
		6AF05F6126FEED18002F01E6 /* WriteMemoViewModel.swift in Sources */ = {isa = PBXBuildFile; fileRef = 6AF05F6026FEED18002F01E6 /* WriteMemoViewModel.swift */; };
		6AF05F6526FF00C6002F01E6 /* StarViewModel.swift in Sources */ = {isa = PBXBuildFile; fileRef = 6AF05F6426FF00C5002F01E6 /* StarViewModel.swift */; };
		6AF05F6726FF3BC3002F01E6 /* MemoEncoder.swift in Sources */ = {isa = PBXBuildFile; fileRef = 6AF05F6626FF3BC2002F01E6 /* MemoEncoder.swift */; };
/* End PBXBuildFile section */

/* Begin PBXFileReference section */
		6A2B851426FE149D006BE0F0 /* WriteMemoView.swift */ = {isa = PBXFileReference; lastKnownFileType = sourcecode.swift; path = WriteMemoView.swift; sourceTree = "<group>"; };
		6A2B851C26FE1A07006BE0F0 /* MemoListViewModel.swift */ = {isa = PBXFileReference; lastKnownFileType = sourcecode.swift; name = MemoListViewModel.swift; path = ../View/MemoListViewModel.swift; sourceTree = "<group>"; };
		6A2B851F26FE1A62006BE0F0 /* MemoModel.swift */ = {isa = PBXFileReference; lastKnownFileType = sourcecode.swift; path = MemoModel.swift; sourceTree = "<group>"; };
		6A2B852126FE1B06006BE0F0 /* MemoListModel.swift */ = {isa = PBXFileReference; lastKnownFileType = sourcecode.swift; path = MemoListModel.swift; sourceTree = "<group>"; };
		6A2B852526FE2821006BE0F0 /* MemoViewModel.swift */ = {isa = PBXFileReference; lastKnownFileType = sourcecode.swift; path = MemoViewModel.swift; sourceTree = "<group>"; };
		6A36ED5A26FE123500D53AF6 /* MyCoffeeBook.app */ = {isa = PBXFileReference; explicitFileType = wrapper.application; includeInIndex = 0; path = MyCoffeeBook.app; sourceTree = BUILT_PRODUCTS_DIR; };
		6A36ED5D26FE123500D53AF6 /* MyCoffeeBookApp.swift */ = {isa = PBXFileReference; lastKnownFileType = sourcecode.swift; path = MyCoffeeBookApp.swift; sourceTree = "<group>"; };
		6A36ED5F26FE123500D53AF6 /* ContentView.swift */ = {isa = PBXFileReference; lastKnownFileType = sourcecode.swift; path = ContentView.swift; sourceTree = "<group>"; };
		6A36ED6126FE123800D53AF6 /* Assets.xcassets */ = {isa = PBXFileReference; lastKnownFileType = folder.assetcatalog; path = Assets.xcassets; sourceTree = "<group>"; };
		6A36ED6426FE123800D53AF6 /* Preview Assets.xcassets */ = {isa = PBXFileReference; lastKnownFileType = folder.assetcatalog; path = "Preview Assets.xcassets"; sourceTree = "<group>"; };
		6A36ED6D26FE135900D53AF6 /* MemoListView.swift */ = {isa = PBXFileReference; lastKnownFileType = sourcecode.swift; path = MemoListView.swift; sourceTree = "<group>"; };
		6A36ED6F26FE136800D53AF6 /* MemoView.swift */ = {isa = PBXFileReference; lastKnownFileType = sourcecode.swift; path = MemoView.swift; sourceTree = "<group>"; };
		6AF05F6026FEED18002F01E6 /* WriteMemoViewModel.swift */ = {isa = PBXFileReference; lastKnownFileType = sourcecode.swift; path = WriteMemoViewModel.swift; sourceTree = "<group>"; };
		6AF05F6426FF00C5002F01E6 /* StarViewModel.swift */ = {isa = PBXFileReference; lastKnownFileType = sourcecode.swift; path = StarViewModel.swift; sourceTree = "<group>"; };
		6AF05F6626FF3BC2002F01E6 /* MemoEncoder.swift */ = {isa = PBXFileReference; lastKnownFileType = sourcecode.swift; path = MemoEncoder.swift; sourceTree = "<group>"; };
/* End PBXFileReference section */

/* Begin PBXFrameworksBuildPhase section */
		6A36ED5726FE123500D53AF6 /* Frameworks */ = {
			isa = PBXFrameworksBuildPhase;
			buildActionMask = 2147483647;
			files = (
			);
			runOnlyForDeploymentPostprocessing = 0;
		};
/* End PBXFrameworksBuildPhase section */

/* Begin PBXGroup section */
		6A2B851826FE194D006BE0F0 /* View */ = {
			isa = PBXGroup;
			children = (
				6A36ED6D26FE135900D53AF6 /* MemoListView.swift */,
				6A36ED6F26FE136800D53AF6 /* MemoView.swift */,
			);
			path = View;
			sourceTree = "<group>";
		};
		6A2B851926FE198E006BE0F0 /* ViewModel */ = {
			isa = PBXGroup;
			children = (
				6A2B851C26FE1A07006BE0F0 /* MemoListViewModel.swift */,
				6A2B852526FE2821006BE0F0 /* MemoViewModel.swift */,
				6AF05F6626FF3BC2002F01E6 /* MemoEncoder.swift */,
			);
			path = ViewModel;
			sourceTree = "<group>";
		};
		6A2B851E26FE1A2F006BE0F0 /* Model */ = {
			isa = PBXGroup;
			children = (
				6A2B851F26FE1A62006BE0F0 /* MemoModel.swift */,
				6A2B852126FE1B06006BE0F0 /* MemoListModel.swift */,
			);
			path = Model;
			sourceTree = "<group>";
		};
		6A36ED5126FE123500D53AF6 = {
			isa = PBXGroup;
			children = (
				6A36ED5C26FE123500D53AF6 /* MyCoffeeBook */,
				6A36ED5B26FE123500D53AF6 /* Products */,
			);
			sourceTree = "<group>";
		};
		6A36ED5B26FE123500D53AF6 /* Products */ = {
			isa = PBXGroup;
			children = (
				6A36ED5A26FE123500D53AF6 /* MyCoffeeBook.app */,
			);
			name = Products;
			sourceTree = "<group>";
		};
		6A36ED5C26FE123500D53AF6 /* MyCoffeeBook */ = {
			isa = PBXGroup;
			children = (
				6A36ED5D26FE123500D53AF6 /* MyCoffeeBookApp.swift */,
				6A36ED5F26FE123500D53AF6 /* ContentView.swift */,
				6A36ED6B26FE132700D53AF6 /* memo */,
				6A36ED6C26FE133600D53AF6 /* writeMemo */,
				6A36ED6126FE123800D53AF6 /* Assets.xcassets */,
				6A36ED6326FE123800D53AF6 /* Preview Content */,
			);
			path = MyCoffeeBook;
			sourceTree = "<group>";
		};
		6A36ED6326FE123800D53AF6 /* Preview Content */ = {
			isa = PBXGroup;
			children = (
				6A36ED6426FE123800D53AF6 /* Preview Assets.xcassets */,
			);
			path = "Preview Content";
			sourceTree = "<group>";
		};
		6A36ED6B26FE132700D53AF6 /* memo */ = {
			isa = PBXGroup;
			children = (
				6A2B851826FE194D006BE0F0 /* View */,
				6A2B851926FE198E006BE0F0 /* ViewModel */,
				6A2B851E26FE1A2F006BE0F0 /* Model */,
			);
			path = memo;
			sourceTree = "<group>";
		};
		6A36ED6C26FE133600D53AF6 /* writeMemo */ = {
			isa = PBXGroup;
			children = (
				6AF05F6226FEED1C002F01E6 /* View */,
				6AF05F6326FEED3E002F01E6 /* ViewModel */,
			);
			path = writeMemo;
			sourceTree = "<group>";
		};
		6AF05F6226FEED1C002F01E6 /* View */ = {
			isa = PBXGroup;
			children = (
				6A2B851426FE149D006BE0F0 /* WriteMemoView.swift */,
			);
			path = View;
			sourceTree = "<group>";
		};
		6AF05F6326FEED3E002F01E6 /* ViewModel */ = {
			isa = PBXGroup;
			children = (
				6AF05F6026FEED18002F01E6 /* WriteMemoViewModel.swift */,
				6AF05F6426FF00C5002F01E6 /* StarViewModel.swift */,
			);
			path = ViewModel;
			sourceTree = "<group>";
		};
/* End PBXGroup section */

/* Begin PBXNativeTarget section */
		6A36ED5926FE123500D53AF6 /* MyCoffeeBook */ = {
			isa = PBXNativeTarget;
			buildConfigurationList = 6A36ED6826FE123800D53AF6 /* Build configuration list for PBXNativeTarget "MyCoffeeBook" */;
			buildPhases = (
				6A36ED5626FE123500D53AF6 /* Sources */,
				6A36ED5726FE123500D53AF6 /* Frameworks */,
				6A36ED5826FE123500D53AF6 /* Resources */,
			);
			buildRules = (
			);
			dependencies = (
			);
			name = MyCoffeeBook;
			productName = MyCoffeeBook;
			productReference = 6A36ED5A26FE123500D53AF6 /* MyCoffeeBook.app */;
			productType = "com.apple.product-type.application";
		};
/* End PBXNativeTarget section */

/* Begin PBXProject section */
		6A36ED5226FE123500D53AF6 /* Project object */ = {
			isa = PBXProject;
			attributes = {
				BuildIndependentTargetsInParallel = 1;
				LastSwiftUpdateCheck = 1300;
				LastUpgradeCheck = 1300;
				TargetAttributes = {
					6A36ED5926FE123500D53AF6 = {
						CreatedOnToolsVersion = 13.0;
					};
				};
			};
			buildConfigurationList = 6A36ED5526FE123500D53AF6 /* Build configuration list for PBXProject "MyCoffeeBook" */;
			compatibilityVersion = "Xcode 13.0";
			developmentRegion = en;
			hasScannedForEncodings = 0;
			knownRegions = (
				en,
				Base,
			);
			mainGroup = 6A36ED5126FE123500D53AF6;
			productRefGroup = 6A36ED5B26FE123500D53AF6 /* Products */;
			projectDirPath = "";
			projectRoot = "";
			targets = (
				6A36ED5926FE123500D53AF6 /* MyCoffeeBook */,
			);
		};
/* End PBXProject section */

/* Begin PBXResourcesBuildPhase section */
		6A36ED5826FE123500D53AF6 /* Resources */ = {
			isa = PBXResourcesBuildPhase;
			buildActionMask = 2147483647;
			files = (
				6A36ED6526FE123800D53AF6 /* Preview Assets.xcassets in Resources */,
				6A36ED6226FE123800D53AF6 /* Assets.xcassets in Resources */,
			);
			runOnlyForDeploymentPostprocessing = 0;
		};
/* End PBXResourcesBuildPhase section */

/* Begin PBXSourcesBuildPhase section */
		6A36ED5626FE123500D53AF6 /* Sources */ = {
			isa = PBXSourcesBuildPhase;
			buildActionMask = 2147483647;
			files = (
				6A2B852026FE1A62006BE0F0 /* MemoModel.swift in Sources */,
				6A2B852626FE2821006BE0F0 /* MemoViewModel.swift in Sources */,
				6AF05F6726FF3BC3002F01E6 /* MemoEncoder.swift in Sources */,
				6A36ED6026FE123500D53AF6 /* ContentView.swift in Sources */,
				6A36ED5E26FE123500D53AF6 /* MyCoffeeBookApp.swift in Sources */,
				6AF05F6126FEED18002F01E6 /* WriteMemoViewModel.swift in Sources */,
				6A2B851526FE149D006BE0F0 /* WriteMemoView.swift in Sources */,
				6AF05F6526FF00C6002F01E6 /* StarViewModel.swift in Sources */,
				6A36ED7026FE136800D53AF6 /* MemoView.swift in Sources */,
				6A2B851D26FE1A07006BE0F0 /* MemoListViewModel.swift in Sources */,
				6A36ED6E26FE135900D53AF6 /* MemoListView.swift in Sources */,
				6A2B852226FE1B06006BE0F0 /* MemoListModel.swift in Sources */,
			);
			runOnlyForDeploymentPostprocessing = 0;
		};
/* End PBXSourcesBuildPhase section */

/* Begin XCBuildConfiguration section */
		6A36ED6626FE123800D53AF6 /* Debug */ = {
			isa = XCBuildConfiguration;
			buildSettings = {
				ALWAYS_SEARCH_USER_PATHS = NO;
				CLANG_ANALYZER_NONNULL = YES;
				CLANG_ANALYZER_NUMBER_OBJECT_CONVERSION = YES_AGGRESSIVE;
				CLANG_CXX_LANGUAGE_STANDARD = "gnu++17";
				CLANG_CXX_LIBRARY = "libc++";
				CLANG_ENABLE_MODULES = YES;
				CLANG_ENABLE_OBJC_ARC = YES;
				CLANG_ENABLE_OBJC_WEAK = YES;
				CLANG_WARN_BLOCK_CAPTURE_AUTORELEASING = YES;
				CLANG_WARN_BOOL_CONVERSION = YES;
				CLANG_WARN_COMMA = YES;
				CLANG_WARN_CONSTANT_CONVERSION = YES;
				CLANG_WARN_DEPRECATED_OBJC_IMPLEMENTATIONS = YES;
				CLANG_WARN_DIRECT_OBJC_ISA_USAGE = YES_ERROR;
				CLANG_WARN_DOCUMENTATION_COMMENTS = YES;
				CLANG_WARN_EMPTY_BODY = YES;
				CLANG_WARN_ENUM_CONVERSION = YES;
				CLANG_WARN_INFINITE_RECURSION = YES;
				CLANG_WARN_INT_CONVERSION = YES;
				CLANG_WARN_NON_LITERAL_NULL_CONVERSION = YES;
				CLANG_WARN_OBJC_IMPLICIT_RETAIN_SELF = YES;
				CLANG_WARN_OBJC_LITERAL_CONVERSION = YES;
				CLANG_WARN_OBJC_ROOT_CLASS = YES_ERROR;
				CLANG_WARN_QUOTED_INCLUDE_IN_FRAMEWORK_HEADER = YES;
				CLANG_WARN_RANGE_LOOP_ANALYSIS = YES;
				CLANG_WARN_STRICT_PROTOTYPES = YES;
				CLANG_WARN_SUSPICIOUS_MOVE = YES;
				CLANG_WARN_UNGUARDED_AVAILABILITY = YES_AGGRESSIVE;
				CLANG_WARN_UNREACHABLE_CODE = YES;
				CLANG_WARN__DUPLICATE_METHOD_MATCH = YES;
				COPY_PHASE_STRIP = NO;
				DEBUG_INFORMATION_FORMAT = dwarf;
				ENABLE_STRICT_OBJC_MSGSEND = YES;
				ENABLE_TESTABILITY = YES;
				GCC_C_LANGUAGE_STANDARD = gnu11;
				GCC_DYNAMIC_NO_PIC = NO;
				GCC_NO_COMMON_BLOCKS = YES;
				GCC_OPTIMIZATION_LEVEL = 0;
				GCC_PREPROCESSOR_DEFINITIONS = (
					"DEBUG=1",
					"$(inherited)",
				);
				GCC_WARN_64_TO_32_BIT_CONVERSION = YES;
				GCC_WARN_ABOUT_RETURN_TYPE = YES_ERROR;
				GCC_WARN_UNDECLARED_SELECTOR = YES;
				GCC_WARN_UNINITIALIZED_AUTOS = YES_AGGRESSIVE;
				GCC_WARN_UNUSED_FUNCTION = YES;
				GCC_WARN_UNUSED_VARIABLE = YES;
				IPHONEOS_DEPLOYMENT_TARGET = 15.0;
				MTL_ENABLE_DEBUG_INFO = INCLUDE_SOURCE;
				MTL_FAST_MATH = YES;
				ONLY_ACTIVE_ARCH = YES;
				SDKROOT = iphoneos;
				SWIFT_ACTIVE_COMPILATION_CONDITIONS = DEBUG;
				SWIFT_OPTIMIZATION_LEVEL = "-Onone";
			};
			name = Debug;
		};
		6A36ED6726FE123800D53AF6 /* Release */ = {
			isa = XCBuildConfiguration;
			buildSettings = {
				ALWAYS_SEARCH_USER_PATHS = NO;
				CLANG_ANALYZER_NONNULL = YES;
				CLANG_ANALYZER_NUMBER_OBJECT_CONVERSION = YES_AGGRESSIVE;
				CLANG_CXX_LANGUAGE_STANDARD = "gnu++17";
				CLANG_CXX_LIBRARY = "libc++";
				CLANG_ENABLE_MODULES = YES;
				CLANG_ENABLE_OBJC_ARC = YES;
				CLANG_ENABLE_OBJC_WEAK = YES;
				CLANG_WARN_BLOCK_CAPTURE_AUTORELEASING = YES;
				CLANG_WARN_BOOL_CONVERSION = YES;
				CLANG_WARN_COMMA = YES;
				CLANG_WARN_CONSTANT_CONVERSION = YES;
				CLANG_WARN_DEPRECATED_OBJC_IMPLEMENTATIONS = YES;
				CLANG_WARN_DIRECT_OBJC_ISA_USAGE = YES_ERROR;
				CLANG_WARN_DOCUMENTATION_COMMENTS = YES;
				CLANG_WARN_EMPTY_BODY = YES;
				CLANG_WARN_ENUM_CONVERSION = YES;
				CLANG_WARN_INFINITE_RECURSION = YES;
				CLANG_WARN_INT_CONVERSION = YES;
				CLANG_WARN_NON_LITERAL_NULL_CONVERSION = YES;
				CLANG_WARN_OBJC_IMPLICIT_RETAIN_SELF = YES;
				CLANG_WARN_OBJC_LITERAL_CONVERSION = YES;
				CLANG_WARN_OBJC_ROOT_CLASS = YES_ERROR;
				CLANG_WARN_QUOTED_INCLUDE_IN_FRAMEWORK_HEADER = YES;
				CLANG_WARN_RANGE_LOOP_ANALYSIS = YES;
				CLANG_WARN_STRICT_PROTOTYPES = YES;
				CLANG_WARN_SUSPICIOUS_MOVE = YES;
				CLANG_WARN_UNGUARDED_AVAILABILITY = YES_AGGRESSIVE;
				CLANG_WARN_UNREACHABLE_CODE = YES;
				CLANG_WARN__DUPLICATE_METHOD_MATCH = YES;
				COPY_PHASE_STRIP = NO;
				DEBUG_INFORMATION_FORMAT = "dwarf-with-dsym";
				ENABLE_NS_ASSERTIONS = NO;
				ENABLE_STRICT_OBJC_MSGSEND = YES;
				GCC_C_LANGUAGE_STANDARD = gnu11;
				GCC_NO_COMMON_BLOCKS = YES;
				GCC_WARN_64_TO_32_BIT_CONVERSION = YES;
				GCC_WARN_ABOUT_RETURN_TYPE = YES_ERROR;
				GCC_WARN_UNDECLARED_SELECTOR = YES;
				GCC_WARN_UNINITIALIZED_AUTOS = YES_AGGRESSIVE;
				GCC_WARN_UNUSED_FUNCTION = YES;
				GCC_WARN_UNUSED_VARIABLE = YES;
				IPHONEOS_DEPLOYMENT_TARGET = 15.0;
				MTL_ENABLE_DEBUG_INFO = NO;
				MTL_FAST_MATH = YES;
				SDKROOT = iphoneos;
				SWIFT_COMPILATION_MODE = wholemodule;
				SWIFT_OPTIMIZATION_LEVEL = "-O";
				VALIDATE_PRODUCT = YES;
			};
			name = Release;
		};
		6A36ED6926FE123800D53AF6 /* Debug */ = {
			isa = XCBuildConfiguration;
			buildSettings = {
				ASSETCATALOG_COMPILER_APPICON_NAME = AppIcon;
				ASSETCATALOG_COMPILER_GLOBAL_ACCENT_COLOR_NAME = AccentColor;
				CODE_SIGN_STYLE = Automatic;
				CURRENT_PROJECT_VERSION = 1;
				DEVELOPMENT_ASSET_PATHS = "\"MyCoffeeBook/Preview Content\"";
				DEVELOPMENT_TEAM = 8SARQFUQQA;
				ENABLE_PREVIEWS = YES;
				GENERATE_INFOPLIST_FILE = YES;
				INFOPLIST_KEY_UIApplicationSceneManifest_Generation = YES;
				INFOPLIST_KEY_UIApplicationSupportsIndirectInputEvents = YES;
				INFOPLIST_KEY_UILaunchScreen_Generation = YES;
				INFOPLIST_KEY_UISupportedInterfaceOrientations_iPad = "UIInterfaceOrientationPortrait UIInterfaceOrientationPortraitUpsideDown UIInterfaceOrientationLandscapeLeft UIInterfaceOrientationLandscapeRight";
				INFOPLIST_KEY_UISupportedInterfaceOrientations_iPhone = "UIInterfaceOrientationPortrait UIInterfaceOrientationLandscapeLeft UIInterfaceOrientationLandscapeRight";
				IPHONEOS_DEPLOYMENT_TARGET = 15.0;
				LD_RUNPATH_SEARCH_PATHS = (
					"$(inherited)",
					"@executable_path/Frameworks",
				);
				MARKETING_VERSION = 1.0;
				PRODUCT_BUNDLE_IDENTIFIER = taisei.MyCoffeeBook;
				PRODUCT_NAME = "$(TARGET_NAME)";
				SWIFT_EMIT_LOC_STRINGS = YES;
				SWIFT_VERSION = 5.0;
				TARGETED_DEVICE_FAMILY = "1,2";
			};
			name = Debug;
		};
		6A36ED6A26FE123800D53AF6 /* Release */ = {
			isa = XCBuildConfiguration;
			buildSettings = {
				ASSETCATALOG_COMPILER_APPICON_NAME = AppIcon;
				ASSETCATALOG_COMPILER_GLOBAL_ACCENT_COLOR_NAME = AccentColor;
				CODE_SIGN_STYLE = Automatic;
				CURRENT_PROJECT_VERSION = 1;
				DEVELOPMENT_ASSET_PATHS = "\"MyCoffeeBook/Preview Content\"";
				DEVELOPMENT_TEAM = 8SARQFUQQA;
				ENABLE_PREVIEWS = YES;
				GENERATE_INFOPLIST_FILE = YES;
				INFOPLIST_KEY_UIApplicationSceneManifest_Generation = YES;
				INFOPLIST_KEY_UIApplicationSupportsIndirectInputEvents = YES;
				INFOPLIST_KEY_UILaunchScreen_Generation = YES;
				INFOPLIST_KEY_UISupportedInterfaceOrientations_iPad = "UIInterfaceOrientationPortrait UIInterfaceOrientationPortraitUpsideDown UIInterfaceOrientationLandscapeLeft UIInterfaceOrientationLandscapeRight";
				INFOPLIST_KEY_UISupportedInterfaceOrientations_iPhone = "UIInterfaceOrientationPortrait UIInterfaceOrientationLandscapeLeft UIInterfaceOrientationLandscapeRight";
				IPHONEOS_DEPLOYMENT_TARGET = 15.0;
				LD_RUNPATH_SEARCH_PATHS = (
					"$(inherited)",
					"@executable_path/Frameworks",
				);
				MARKETING_VERSION = 1.0;
				PRODUCT_BUNDLE_IDENTIFIER = taisei.MyCoffeeBook;
				PRODUCT_NAME = "$(TARGET_NAME)";
				SWIFT_EMIT_LOC_STRINGS = YES;
				SWIFT_VERSION = 5.0;
				TARGETED_DEVICE_FAMILY = "1,2";
			};
			name = Release;
		};
/* End XCBuildConfiguration section */

/* Begin XCConfigurationList section */
		6A36ED5526FE123500D53AF6 /* Build configuration list for PBXProject "MyCoffeeBook" */ = {
			isa = XCConfigurationList;
			buildConfigurations = (
				6A36ED6626FE123800D53AF6 /* Debug */,
				6A36ED6726FE123800D53AF6 /* Release */,
			);
			defaultConfigurationIsVisible = 0;
			defaultConfigurationName = Release;
		};
		6A36ED6826FE123800D53AF6 /* Build configuration list for PBXNativeTarget "MyCoffeeBook" */ = {
			isa = XCConfigurationList;
			buildConfigurations = (
				6A36ED6926FE123800D53AF6 /* Debug */,
				6A36ED6A26FE123800D53AF6 /* Release */,
			);
			defaultConfigurationIsVisible = 0;
			defaultConfigurationName = Release;
		};
/* End XCConfigurationList section */
	};
	rootObject = 6A36ED5226FE123500D53AF6 /* Project object */;
}
